
Microsoft Visual Studio Solution File, Format Version 12.00
# Visual Studio 2013
VisualStudioVersion = 12.0.21005.1
MinimumVisualStudioVersion = 10.0.40219.1
Project("{FAE04EC0-301F-11D3-BF4B-00C04F79EFBC}") = "Server", "Server\Server.csproj", "{4419E617-AAF4-45BC-B375-56E810DEFF94}"
EndProject
Project("{FAE04EC0-301F-11D3-BF4B-00C04F79EFBC}") = "Client", "Client\Client.csproj", "{682F4727-444B-4348-95CB-0AA99DDD6FED}"
EndProject
Global
	GlobalSection(SolutionConfigurationPlatforms) = preSolution
		Debug|Any CPU = Debug|Any CPU
		Release|Any CPU = Release|Any CPU
	EndGlobalSection
	GlobalSection(ProjectConfigurationPlatforms) = postSolution
		{4419E617-AAF4-45BC-B375-56E810DEFF94}.Debug|Any CPU.ActiveCfg = Debug|Any CPU
		{4419E617-AAF4-45BC-B375-56E810DEFF94}.Debug|Any CPU.Build.0 = Debug|Any CPU
		{4419E617-AAF4-45BC-B375-56E810DEFF94}.Release|Any CPU.ActiveCfg = Release|Any CPU
		{4419E617-AAF4-45BC-B375-56E810DEFF94}.Release|Any CPU.Build.0 = Release|Any CPU
		{682F4727-444B-4348-95CB-0AA99DDD6FED}.Debug|Any CPU.ActiveCfg = Debug|Any CPU
		{682F4727-444B-4348-95CB-0AA99DDD6FED}.Debug|Any CPU.Build.0 = Debug|Any CPU
		{682F4727-444B-4348-95CB-0AA99DDD6FED}.Release|Any CPU.ActiveCfg = Release|Any CPU
		{682F4727-444B-4348-95CB-0AA99DDD6FED}.Release|Any CPU.Build.0 = Release|Any CPU
	EndGlobalSection
	GlobalSection(SolutionProperties) = preSolution
		HideSolutionNode = FALSE
	EndGlobalSection
EndGlobal
